// !$*UTF8*$!
{
	archiveVersion = 1;
	classes = {
	};
	objectVersion = 50;
	objects = {

/* Begin PBXBuildFile section */
		A67149D825D1B4EA00D68B5A /* Tests_iOS.swift in Sources */ = {isa = PBXBuildFile; fileRef = A67149D725D1B4EA00D68B5A /* Tests_iOS.swift */; };
		A67149E325D1B4EA00D68B5A /* Tests_macOS.swift in Sources */ = {isa = PBXBuildFile; fileRef = A67149E225D1B4EA00D68B5A /* Tests_macOS.swift */; };
		A67149E525D1B4EA00D68B5A /* QuadraticFormulaApp.swift in Sources */ = {isa = PBXBuildFile; fileRef = A67149BC25D1B4E800D68B5A /* QuadraticFormulaApp.swift */; };
		A67149E625D1B4EA00D68B5A /* QuadraticFormulaApp.swift in Sources */ = {isa = PBXBuildFile; fileRef = A67149BC25D1B4E800D68B5A /* QuadraticFormulaApp.swift */; };
		A67149E725D1B4EA00D68B5A /* ContentView.swift in Sources */ = {isa = PBXBuildFile; fileRef = A67149BD25D1B4E800D68B5A /* ContentView.swift */; };
		A67149E825D1B4EA00D68B5A /* ContentView.swift in Sources */ = {isa = PBXBuildFile; fileRef = A67149BD25D1B4E800D68B5A /* ContentView.swift */; };
		A67149E925D1B4EA00D68B5A /* Assets.xcassets in Resources */ = {isa = PBXBuildFile; fileRef = A67149BE25D1B4EA00D68B5A /* Assets.xcassets */; };
		A67149EA25D1B4EA00D68B5A /* Assets.xcassets in Resources */ = {isa = PBXBuildFile; fileRef = A67149BE25D1B4EA00D68B5A /* Assets.xcassets */; };
		A6714A0F25D1B54100D68B5A /* QuadraticFormula.swift in Sources */ = {isa = PBXBuildFile; fileRef = A6714A0E25D1B54100D68B5A /* QuadraticFormula.swift */; };
		A6714A1025D1B54100D68B5A /* QuadraticFormula.swift in Sources */ = {isa = PBXBuildFile; fileRef = A6714A0E25D1B54100D68B5A /* QuadraticFormula.swift */; };
		A6714A1125D1B54100D68B5A /* QuadraticFormula.swift in Sources */ = {isa = PBXBuildFile; fileRef = A6714A0E25D1B54100D68B5A /* QuadraticFormula.swift */; };
		A6714A1225D1B54100D68B5A /* QuadraticFormula.swift in Sources */ = {isa = PBXBuildFile; fileRef = A6714A0E25D1B54100D68B5A /* QuadraticFormula.swift */; };
/* End PBXBuildFile section */

/* Begin PBXContainerItemProxy section */
		A67149D425D1B4EA00D68B5A /* PBXContainerItemProxy */ = {
			isa = PBXContainerItemProxy;
			containerPortal = A67149B725D1B4E800D68B5A /* Project object */;
			proxyType = 1;
			remoteGlobalIDString = A67149C225D1B4EA00D68B5A;
			remoteInfo = "QuadraticFormula (iOS)";
		};
		A67149DF25D1B4EA00D68B5A /* PBXContainerItemProxy */ = {
			isa = PBXContainerItemProxy;
			containerPortal = A67149B725D1B4E800D68B5A /* Project object */;
			proxyType = 1;
			remoteGlobalIDString = A67149CA25D1B4EA00D68B5A;
			remoteInfo = "QuadraticFormula (macOS)";
		};
/* End PBXContainerItemProxy section */

/* Begin PBXFileReference section */
		A67149BC25D1B4E800D68B5A /* QuadraticFormulaApp.swift */ = {isa = PBXFileReference; lastKnownFileType = sourcecode.swift; path = QuadraticFormulaApp.swift; sourceTree = "<group>"; };
		A67149BD25D1B4E800D68B5A /* ContentView.swift */ = {isa = PBXFileReference; lastKnownFileType = sourcecode.swift; path = ContentView.swift; sourceTree = "<group>"; };
		A67149BE25D1B4EA00D68B5A /* Assets.xcassets */ = {isa = PBXFileReference; lastKnownFileType = folder.assetcatalog; path = Assets.xcassets; sourceTree = "<group>"; };
		A67149C325D1B4EA00D68B5A /* QuadraticFormula.app */ = {isa = PBXFileReference; explicitFileType = wrapper.application; includeInIndex = 0; path = QuadraticFormula.app; sourceTree = BUILT_PRODUCTS_DIR; };
		A67149C625D1B4EA00D68B5A /* Info.plist */ = {isa = PBXFileReference; lastKnownFileType = text.plist.xml; path = Info.plist; sourceTree = "<group>"; };
		A67149CB25D1B4EA00D68B5A /* QuadraticFormula.app */ = {isa = PBXFileReference; explicitFileType = wrapper.application; includeInIndex = 0; path = QuadraticFormula.app; sourceTree = BUILT_PRODUCTS_DIR; };
		A67149CD25D1B4EA00D68B5A /* Info.plist */ = {isa = PBXFileReference; lastKnownFileType = text.plist.xml; path = Info.plist; sourceTree = "<group>"; };
		A67149CE25D1B4EA00D68B5A /* macOS.entitlements */ = {isa = PBXFileReference; lastKnownFileType = text.plist.entitlements; path = macOS.entitlements; sourceTree = "<group>"; };
		A67149D325D1B4EA00D68B5A /* Tests iOS.xctest */ = {isa = PBXFileReference; explicitFileType = wrapper.cfbundle; includeInIndex = 0; path = "Tests iOS.xctest"; sourceTree = BUILT_PRODUCTS_DIR; };
		A67149D725D1B4EA00D68B5A /* Tests_iOS.swift */ = {isa = PBXFileReference; lastKnownFileType = sourcecode.swift; path = Tests_iOS.swift; sourceTree = "<group>"; };
		A67149D925D1B4EA00D68B5A /* Info.plist */ = {isa = PBXFileReference; lastKnownFileType = text.plist.xml; path = Info.plist; sourceTree = "<group>"; };
		A67149DE25D1B4EA00D68B5A /* Tests macOS.xctest */ = {isa = PBXFileReference; explicitFileType = wrapper.cfbundle; includeInIndex = 0; path = "Tests macOS.xctest"; sourceTree = BUILT_PRODUCTS_DIR; };
		A67149E225D1B4EA00D68B5A /* Tests_macOS.swift */ = {isa = PBXFileReference; lastKnownFileType = sourcecode.swift; path = Tests_macOS.swift; sourceTree = "<group>"; };
		A67149E425D1B4EA00D68B5A /* Info.plist */ = {isa = PBXFileReference; lastKnownFileType = text.plist.xml; path = Info.plist; sourceTree = "<group>"; };
		A6714A0E25D1B54100D68B5A /* QuadraticFormula.swift */ = {isa = PBXFileReference; fileEncoding = 4; lastKnownFileType = sourcecode.swift; name = QuadraticFormula.swift; path = "../../sins Assignment/Shared/QuadraticFormula.swift"; sourceTree = "<group>"; };
/* End PBXFileReference section */

/* Begin PBXFrameworksBuildPhase section */
		A67149C025D1B4EA00D68B5A /* Frameworks */ = {
			isa = PBXFrameworksBuildPhase;
			buildActionMask = 2147483647;
			files = (
			);
			runOnlyForDeploymentPostprocessing = 0;
		};
		A67149C825D1B4EA00D68B5A /* Frameworks */ = {
			isa = PBXFrameworksBuildPhase;
			buildActionMask = 2147483647;
			files = (
			);
			runOnlyForDeploymentPostprocessing = 0;
		};
		A67149D025D1B4EA00D68B5A /* Frameworks */ = {
			isa = PBXFrameworksBuildPhase;
			buildActionMask = 2147483647;
			files = (
			);
			runOnlyForDeploymentPostprocessing = 0;
		};
		A67149DB25D1B4EA00D68B5A /* Frameworks */ = {
			isa = PBXFrameworksBuildPhase;
			buildActionMask = 2147483647;
			files = (
			);
			runOnlyForDeploymentPostprocessing = 0;
		};
/* End PBXFrameworksBuildPhase section */

/* Begin PBXGroup section */
		A67149B625D1B4E800D68B5A = {
			isa = PBXGroup;
			children = (
				A67149BB25D1B4E800D68B5A /* Shared */,
				A67149C525D1B4EA00D68B5A /* iOS */,
				A67149CC25D1B4EA00D68B5A /* macOS */,
				A67149D625D1B4EA00D68B5A /* Tests iOS */,
				A67149E125D1B4EA00D68B5A /* Tests macOS */,
				A67149C425D1B4EA00D68B5A /* Products */,
			);
			sourceTree = "<group>";
		};
		A67149BB25D1B4E800D68B5A /* Shared */ = {
			isa = PBXGroup;
			children = (
				A67149BC25D1B4E800D68B5A /* QuadraticFormulaApp.swift */,
				A67149BD25D1B4E800D68B5A /* ContentView.swift */,
				A6714A0E25D1B54100D68B5A /* QuadraticFormula.swift */,
				A67149BE25D1B4EA00D68B5A /* Assets.xcassets */,
			);
			path = Shared;
			sourceTree = "<group>";
		};
		A67149C425D1B4EA00D68B5A /* Products */ = {
			isa = PBXGroup;
			children = (
				A67149C325D1B4EA00D68B5A /* QuadraticFormula.app */,
				A67149CB25D1B4EA00D68B5A /* QuadraticFormula.app */,
				A67149D325D1B4EA00D68B5A /* Tests iOS.xctest */,
				A67149DE25D1B4EA00D68B5A /* Tests macOS.xctest */,
			);
			name = Products;
			sourceTree = "<group>";
		};
		A67149C525D1B4EA00D68B5A /* iOS */ = {
			isa = PBXGroup;
			children = (
				A67149C625D1B4EA00D68B5A /* Info.plist */,
			);
			path = iOS;
			sourceTree = "<group>";
		};
		A67149CC25D1B4EA00D68B5A /* macOS */ = {
			isa = PBXGroup;
			children = (
				A67149CD25D1B4EA00D68B5A /* Info.plist */,
				A67149CE25D1B4EA00D68B5A /* macOS.entitlements */,
			);
			path = macOS;
			sourceTree = "<group>";
		};
		A67149D625D1B4EA00D68B5A /* Tests iOS */ = {
			isa = PBXGroup;
			children = (
				A67149D725D1B4EA00D68B5A /* Tests_iOS.swift */,
				A67149D925D1B4EA00D68B5A /* Info.plist */,
			);
			path = "Tests iOS";
			sourceTree = "<group>";
		};
		A67149E125D1B4EA00D68B5A /* Tests macOS */ = {
			isa = PBXGroup;
			children = (
				A67149E225D1B4EA00D68B5A /* Tests_macOS.swift */,
				A67149E425D1B4EA00D68B5A /* Info.plist */,
			);
			path = "Tests macOS";
			sourceTree = "<group>";
		};
/* End PBXGroup section */

/* Begin PBXNativeTarget section */
		A67149C225D1B4EA00D68B5A /* QuadraticFormula (iOS) */ = {
			isa = PBXNativeTarget;
			buildConfigurationList = A67149ED25D1B4EA00D68B5A /* Build configuration list for PBXNativeTarget "QuadraticFormula (iOS)" */;
			buildPhases = (
				A67149BF25D1B4EA00D68B5A /* Sources */,
				A67149C025D1B4EA00D68B5A /* Frameworks */,
				A67149C125D1B4EA00D68B5A /* Resources */,
			);
			buildRules = (
			);
			dependencies = (
			);
			name = "QuadraticFormula (iOS)";
			productName = "QuadraticFormula (iOS)";
			productReference = A67149C325D1B4EA00D68B5A /* QuadraticFormula.app */;
			productType = "com.apple.product-type.application";
		};
		A67149CA25D1B4EA00D68B5A /* QuadraticFormula (macOS) */ = {
			isa = PBXNativeTarget;
			buildConfigurationList = A67149F025D1B4EA00D68B5A /* Build configuration list for PBXNativeTarget "QuadraticFormula (macOS)" */;
			buildPhases = (
				A67149C725D1B4EA00D68B5A /* Sources */,
				A67149C825D1B4EA00D68B5A /* Frameworks */,
				A67149C925D1B4EA00D68B5A /* Resources */,
			);
			buildRules = (
			);
			dependencies = (
			);
			name = "QuadraticFormula (macOS)";
			productName = "QuadraticFormula (macOS)";
			productReference = A67149CB25D1B4EA00D68B5A /* QuadraticFormula.app */;
			productType = "com.apple.product-type.application";
		};
		A67149D225D1B4EA00D68B5A /* Tests iOS */ = {
			isa = PBXNativeTarget;
			buildConfigurationList = A67149F325D1B4EA00D68B5A /* Build configuration list for PBXNativeTarget "Tests iOS" */;
			buildPhases = (
				A67149CF25D1B4EA00D68B5A /* Sources */,
				A67149D025D1B4EA00D68B5A /* Frameworks */,
				A67149D125D1B4EA00D68B5A /* Resources */,
			);
			buildRules = (
			);
			dependencies = (
				A67149D525D1B4EA00D68B5A /* PBXTargetDependency */,
			);
			name = "Tests iOS";
			productName = "Tests iOS";
			productReference = A67149D325D1B4EA00D68B5A /* Tests iOS.xctest */;
			productType = "com.apple.product-type.bundle.ui-testing";
		};
		A67149DD25D1B4EA00D68B5A /* Tests macOS */ = {
			isa = PBXNativeTarget;
			buildConfigurationList = A67149F625D1B4EA00D68B5A /* Build configuration list for PBXNativeTarget "Tests macOS" */;
			buildPhases = (
				A67149DA25D1B4EA00D68B5A /* Sources */,
				A67149DB25D1B4EA00D68B5A /* Frameworks */,
				A67149DC25D1B4EA00D68B5A /* Resources */,
			);
			buildRules = (
			);
			dependencies = (
				A67149E025D1B4EA00D68B5A /* PBXTargetDependency */,
			);
			name = "Tests macOS";
			productName = "Tests macOS";
			productReference = A67149DE25D1B4EA00D68B5A /* Tests macOS.xctest */;
			productType = "com.apple.product-type.bundle.ui-testing";
		};
/* End PBXNativeTarget section */

/* Begin PBXProject section */
		A67149B725D1B4E800D68B5A /* Project object */ = {
			isa = PBXProject;
			attributes = {
				LastSwiftUpdateCheck = 1240;
				LastUpgradeCheck = 1240;
				TargetAttributes = {
					A67149C225D1B4EA00D68B5A = {
						CreatedOnToolsVersion = 12.4;
					};
					A67149CA25D1B4EA00D68B5A = {
						CreatedOnToolsVersion = 12.4;
					};
					A67149D225D1B4EA00D68B5A = {
						CreatedOnToolsVersion = 12.4;
						TestTargetID = A67149C225D1B4EA00D68B5A;
					};
					A67149DD25D1B4EA00D68B5A = {
						CreatedOnToolsVersion = 12.4;
						TestTargetID = A67149CA25D1B4EA00D68B5A;
					};
				};
			};
			buildConfigurationList = A67149BA25D1B4E800D68B5A /* Build configuration list for PBXProject "QuadraticFormula" */;
			compatibilityVersion = "Xcode 9.3";
			developmentRegion = en;
			hasScannedForEncodings = 0;
			knownRegions = (
				en,
				Base,
			);
			mainGroup = A67149B625D1B4E800D68B5A;
			productRefGroup = A67149C425D1B4EA00D68B5A /* Products */;
			projectDirPath = "";
			projectRoot = "";
			targets = (
				A67149C225D1B4EA00D68B5A /* QuadraticFormula (iOS) */,
				A67149CA25D1B4EA00D68B5A /* QuadraticFormula (macOS) */,
				A67149D225D1B4EA00D68B5A /* Tests iOS */,
				A67149DD25D1B4EA00D68B5A /* Tests macOS */,
			);
		};
/* End PBXProject section */

/* Begin PBXResourcesBuildPhase section */
		A67149C125D1B4EA00D68B5A /* Resources */ = {
			isa = PBXResourcesBuildPhase;
			buildActionMask = 2147483647;
			files = (
				A67149E925D1B4EA00D68B5A /* Assets.xcassets in Resources */,
			);
			runOnlyForDeploymentPostprocessing = 0;
		};
		A67149C925D1B4EA00D68B5A /* Resources */ = {
			isa = PBXResourcesBuildPhase;
			buildActionMask = 2147483647;
			files = (
				A67149EA25D1B4EA00D68B5A /* Assets.xcassets in Resources */,
			);
			runOnlyForDeploymentPostprocessing = 0;
		};
		A67149D125D1B4EA00D68B5A /* Resources */ = {
			isa = PBXResourcesBuildPhase;
			buildActionMask = 2147483647;
			files = (
			);
			runOnlyForDeploymentPostprocessing = 0;
		};
		A67149DC25D1B4EA00D68B5A /* Resources */ = {
			isa = PBXResourcesBuildPhase;
			buildActionMask = 2147483647;
			files = (
			);
			runOnlyForDeploymentPostprocessing = 0;
		};
/* End PBXResourcesBuildPhase section */

/* Begin PBXSourcesBuildPhase section */
		A67149BF25D1B4EA00D68B5A /* Sources */ = {
			isa = PBXSourcesBuildPhase;
			buildActionMask = 2147483647;
			files = (
				A6714A0F25D1B54100D68B5A /* QuadraticFormula.swift in Sources */,
				A67149E725D1B4EA00D68B5A /* ContentView.swift in Sources */,
				A67149E525D1B4EA00D68B5A /* QuadraticFormulaApp.swift in Sources */,
			);
			runOnlyForDeploymentPostprocessing = 0;
		};
		A67149C725D1B4EA00D68B5A /* Sources */ = {
			isa = PBXSourcesBuildPhase;
			buildActionMask = 2147483647;
			files = (
				A6714A1025D1B54100D68B5A /* QuadraticFormula.swift in Sources */,
				A67149E825D1B4EA00D68B5A /* ContentView.swift in Sources */,
				A67149E625D1B4EA00D68B5A /* QuadraticFormulaApp.swift in Sources */,
			);
			runOnlyForDeploymentPostprocessing = 0;
		};
		A67149CF25D1B4EA00D68B5A /* Sources */ = {
			isa = PBXSourcesBuildPhase;
			buildActionMask = 2147483647;
			files = (
				A67149D825D1B4EA00D68B5A /* Tests_iOS.swift in Sources */,
				A6714A1125D1B54100D68B5A /* QuadraticFormula.swift in Sources */,
			);
			runOnlyForDeploymentPostprocessing = 0;
		};
		A67149DA25D1B4EA00D68B5A /* Sources */ = {
			isa = PBXSourcesBuildPhase;
			buildActionMask = 2147483647;
			files = (
				A67149E325D1B4EA00D68B5A /* Tests_macOS.swift in Sources */,
				A6714A1225D1B54100D68B5A /* QuadraticFormula.swift in Sources */,
			);
			runOnlyForDeploymentPostprocessing = 0;
		};
/* End PBXSourcesBuildPhase section */

/* Begin PBXTargetDependency section */
		A67149D525D1B4EA00D68B5A /* PBXTargetDependency */ = {
			isa = PBXTargetDependency;
			target = A67149C225D1B4EA00D68B5A /* QuadraticFormula (iOS) */;
			targetProxy = A67149D425D1B4EA00D68B5A /* PBXContainerItemProxy */;
		};
		A67149E025D1B4EA00D68B5A /* PBXTargetDependency */ = {
			isa = PBXTargetDependency;
			target = A67149CA25D1B4EA00D68B5A /* QuadraticFormula (macOS) */;
			targetProxy = A67149DF25D1B4EA00D68B5A /* PBXContainerItemProxy */;
		};
/* End PBXTargetDependency section */

/* Begin XCBuildConfiguration section */
		A67149EB25D1B4EA00D68B5A /* Debug */ = {
			isa = XCBuildConfiguration;
			buildSettings = {
				ALWAYS_SEARCH_USER_PATHS = NO;
				CLANG_ANALYZER_NONNULL = YES;
				CLANG_ANALYZER_NUMBER_OBJECT_CONVERSION = YES_AGGRESSIVE;
				CLANG_CXX_LANGUAGE_STANDARD = "gnu++14";
				CLANG_CXX_LIBRARY = "libc++";
				CLANG_ENABLE_MODULES = YES;
				CLANG_ENABLE_OBJC_ARC = YES;
				CLANG_ENABLE_OBJC_WEAK = YES;
				CLANG_WARN_BLOCK_CAPTURE_AUTORELEASING = YES;
				CLANG_WARN_BOOL_CONVERSION = YES;
				CLANG_WARN_COMMA = YES;
				CLANG_WARN_CONSTANT_CONVERSION = YES;
				CLANG_WARN_DEPRECATED_OBJC_IMPLEMENTATIONS = YES;
				CLANG_WARN_DIRECT_OBJC_ISA_USAGE = YES_ERROR;
				CLANG_WARN_DOCUMENTATION_COMMENTS = YES;
				CLANG_WARN_EMPTY_BODY = YES;
				CLANG_WARN_ENUM_CONVERSION = YES;
				CLANG_WARN_INFINITE_RECURSION = YES;
				CLANG_WARN_INT_CONVERSION = YES;
				CLANG_WARN_NON_LITERAL_NULL_CONVERSION = YES;
				CLANG_WARN_OBJC_IMPLICIT_RETAIN_SELF = YES;
				CLANG_WARN_OBJC_LITERAL_CONVERSION = YES;
				CLANG_WARN_OBJC_ROOT_CLASS = YES_ERROR;
				CLANG_WARN_QUOTED_INCLUDE_IN_FRAMEWORK_HEADER = YES;
				CLANG_WARN_RANGE_LOOP_ANALYSIS = YES;
				CLANG_WARN_STRICT_PROTOTYPES = YES;
				CLANG_WARN_SUSPICIOUS_MOVE = YES;
				CLANG_WARN_UNGUARDED_AVAILABILITY = YES_AGGRESSIVE;
				CLANG_WARN_UNREACHABLE_CODE = YES;
				CLANG_WARN__DUPLICATE_METHOD_MATCH = YES;
				COPY_PHASE_STRIP = NO;
				DEBUG_INFORMATION_FORMAT = dwarf;
				ENABLE_STRICT_OBJC_MSGSEND = YES;
				ENABLE_TESTABILITY = YES;
				GCC_C_LANGUAGE_STANDARD = gnu11;
				GCC_DYNAMIC_NO_PIC = NO;
				GCC_NO_COMMON_BLOCKS = YES;
				GCC_OPTIMIZATION_LEVEL = 0;
				GCC_PREPROCESSOR_DEFINITIONS = (
					"DEBUG=1",
					"$(inherited)",
				);
				GCC_WARN_64_TO_32_BIT_CONVERSION = YES;
				GCC_WARN_ABOUT_RETURN_TYPE = YES_ERROR;
				GCC_WARN_UNDECLARED_SELECTOR = YES;
				GCC_WARN_UNINITIALIZED_AUTOS = YES_AGGRESSIVE;
				GCC_WARN_UNUSED_FUNCTION = YES;
				GCC_WARN_UNUSED_VARIABLE = YES;
				MTL_ENABLE_DEBUG_INFO = INCLUDE_SOURCE;
				MTL_FAST_MATH = YES;
				ONLY_ACTIVE_ARCH = YES;
				SWIFT_ACTIVE_COMPILATION_CONDITIONS = DEBUG;
				SWIFT_OPTIMIZATION_LEVEL = "-Onone";
			};
			name = Debug;
		};
		A67149EC25D1B4EA00D68B5A /* Release */ = {
			isa = XCBuildConfiguration;
			buildSettings = {
				ALWAYS_SEARCH_USER_PATHS = NO;
				CLANG_ANALYZER_NONNULL = YES;
				CLANG_ANALYZER_NUMBER_OBJECT_CONVERSION = YES_AGGRESSIVE;
				CLANG_CXX_LANGUAGE_STANDARD = "gnu++14";
				CLANG_CXX_LIBRARY = "libc++";
				CLANG_ENABLE_MODULES = YES;
				CLANG_ENABLE_OBJC_ARC = YES;
				CLANG_ENABLE_OBJC_WEAK = YES;
				CLANG_WARN_BLOCK_CAPTURE_AUTORELEASING = YES;
				CLANG_WARN_BOOL_CONVERSION = YES;
				CLANG_WARN_COMMA = YES;
				CLANG_WARN_CONSTANT_CONVERSION = YES;
				CLANG_WARN_DEPRECATED_OBJC_IMPLEMENTATIONS = YES;
				CLANG_WARN_DIRECT_OBJC_ISA_USAGE = YES_ERROR;
				CLANG_WARN_DOCUMENTATION_COMMENTS = YES;
				CLANG_WARN_EMPTY_BODY = YES;
				CLANG_WARN_ENUM_CONVERSION = YES;
				CLANG_WARN_INFINITE_RECURSION = YES;
				CLANG_WARN_INT_CONVERSION = YES;
				CLANG_WARN_NON_LITERAL_NULL_CONVERSION = YES;
				CLANG_WARN_OBJC_IMPLICIT_RETAIN_SELF = YES;
				CLANG_WARN_OBJC_LITERAL_CONVERSION = YES;
				CLANG_WARN_OBJC_ROOT_CLASS = YES_ERROR;
				CLANG_WARN_QUOTED_INCLUDE_IN_FRAMEWORK_HEADER = YES;
				CLANG_WARN_RANGE_LOOP_ANALYSIS = YES;
				CLANG_WARN_STRICT_PROTOTYPES = YES;
				CLANG_WARN_SUSPICIOUS_MOVE = YES;
				CLANG_WARN_UNGUARDED_AVAILABILITY = YES_AGGRESSIVE;
				CLANG_WARN_UNREACHABLE_CODE = YES;
				CLANG_WARN__DUPLICATE_METHOD_MATCH = YES;
				COPY_PHASE_STRIP = NO;
				DEBUG_INFORMATION_FORMAT = "dwarf-with-dsym";
				ENABLE_NS_ASSERTIONS = NO;
				ENABLE_STRICT_OBJC_MSGSEND = YES;
				GCC_C_LANGUAGE_STANDARD = gnu11;
				GCC_NO_COMMON_BLOCKS = YES;
				GCC_WARN_64_TO_32_BIT_CONVERSION = YES;
				GCC_WARN_ABOUT_RETURN_TYPE = YES_ERROR;
				GCC_WARN_UNDECLARED_SELECTOR = YES;
				GCC_WARN_UNINITIALIZED_AUTOS = YES_AGGRESSIVE;
				GCC_WARN_UNUSED_FUNCTION = YES;
				GCC_WARN_UNUSED_VARIABLE = YES;
				MTL_ENABLE_DEBUG_INFO = NO;
				MTL_FAST_MATH = YES;
				SWIFT_COMPILATION_MODE = wholemodule;
				SWIFT_OPTIMIZATION_LEVEL = "-O";
			};
			name = Release;
		};
		A67149EE25D1B4EA00D68B5A /* Debug */ = {
			isa = XCBuildConfiguration;
			buildSettings = {
				ASSETCATALOG_COMPILER_APPICON_NAME = AppIcon;
				ASSETCATALOG_COMPILER_GLOBAL_ACCENT_COLOR_NAME = AccentColor;
				CODE_SIGN_STYLE = Automatic;
				ENABLE_PREVIEWS = YES;
				INFOPLIST_FILE = iOS/Info.plist;
				IPHONEOS_DEPLOYMENT_TARGET = 14.0;
				LD_RUNPATH_SEARCH_PATHS = (
					"$(inherited)",
					"@executable_path/Frameworks",
				);
				PRODUCT_BUNDLE_IDENTIFIER = com.dariit.QuadraticFormula;
				PRODUCT_NAME = QuadraticFormula;
				SDKROOT = iphoneos;
				SWIFT_VERSION = 5.0;
				TARGETED_DEVICE_FAMILY = "1,2";
			};
			name = Debug;
		};
		A67149EF25D1B4EA00D68B5A /* Release */ = {
			isa = XCBuildConfiguration;
			buildSettings = {
				ASSETCATALOG_COMPILER_APPICON_NAME = AppIcon;
				ASSETCATALOG_COMPILER_GLOBAL_ACCENT_COLOR_NAME = AccentColor;
				CODE_SIGN_STYLE = Automatic;
				ENABLE_PREVIEWS = YES;
				INFOPLIST_FILE = iOS/Info.plist;
				IPHONEOS_DEPLOYMENT_TARGET = 14.0;
				LD_RUNPATH_SEARCH_PATHS = (
					"$(inherited)",
					"@executable_path/Frameworks",
				);
				PRODUCT_BUNDLE_IDENTIFIER = com.dariit.QuadraticFormula;
				PRODUCT_NAME = QuadraticFormula;
				SDKROOT = iphoneos;
				SWIFT_VERSION = 5.0;
				TARGETED_DEVICE_FAMILY = "1,2";
				VALIDATE_PRODUCT = YES;
			};
			name = Release;
		};
		A67149F125D1B4EA00D68B5A /* Debug */ = {
			isa = XCBuildConfiguration;
			buildSettings = {
				ASSETCATALOG_COMPILER_APPICON_NAME = AppIcon;
				ASSETCATALOG_COMPILER_GLOBAL_ACCENT_COLOR_NAME = AccentColor;
				CODE_SIGN_ENTITLEMENTS = macOS/macOS.entitlements;
				CODE_SIGN_STYLE = Automatic;
				COMBINE_HIDPI_IMAGES = YES;
				ENABLE_PREVIEWS = YES;
				INFOPLIST_FILE = macOS/Info.plist;
				LD_RUNPATH_SEARCH_PATHS = (
					"$(inherited)",
					"@executable_path/../Frameworks",
				);
				MACOSX_DEPLOYMENT_TARGET = 11.0;
				PRODUCT_BUNDLE_IDENTIFIER = com.dariit.QuadraticFormula;
				PRODUCT_NAME = QuadraticFormula;
				SDKROOT = macosx;
				SWIFT_VERSION = 5.0;
			};
			name = Debug;
		};
		A67149F225D1B4EA00D68B5A /* Release */ = {
			isa = XCBuildConfiguration;
			buildSettings = {
				ASSETCATALOG_COMPILER_APPICON_NAME = AppIcon;
				ASSETCATALOG_COMPILER_GLOBAL_ACCENT_COLOR_NAME = AccentColor;
				CODE_SIGN_ENTITLEMENTS = macOS/macOS.entitlements;
				CODE_SIGN_STYLE = Automatic;
				COMBINE_HIDPI_IMAGES = YES;
				ENABLE_PREVIEWS = YES;
				INFOPLIST_FILE = macOS/Info.plist;
				LD_RUNPATH_SEARCH_PATHS = (
					"$(inherited)",
					"@executable_path/../Frameworks",
				);
				MACOSX_DEPLOYMENT_TARGET = 11.0;
				PRODUCT_BUNDLE_IDENTIFIER = com.dariit.QuadraticFormula;
				PRODUCT_NAME = QuadraticFormula;
				SDKROOT = macosx;
				SWIFT_VERSION = 5.0;
			};
			name = Release;
		};
		A67149F425D1B4EA00D68B5A /* Debug */ = {
			isa = XCBuildConfiguration;
			buildSettings = {
				ALWAYS_EMBED_SWIFT_STANDARD_LIBRARIES = YES;
				CODE_SIGN_STYLE = Automatic;
				INFOPLIST_FILE = "Tests iOS/Info.plist";
				IPHONEOS_DEPLOYMENT_TARGET = 14.4;
				LD_RUNPATH_SEARCH_PATHS = (
					"$(inherited)",
					"@executable_path/Frameworks",
					"@loader_path/Frameworks",
				);
				PRODUCT_BUNDLE_IDENTIFIER = "com.dariit.Tests-iOS";
				PRODUCT_NAME = "$(TARGET_NAME)";
				SDKROOT = iphoneos;
				SWIFT_VERSION = 5.0;
				TARGETED_DEVICE_FAMILY = "1,2";
				TEST_TARGET_NAME = "QuadraticFormula (iOS)";
			};
			name = Debug;
		};
		A67149F525D1B4EA00D68B5A /* Release */ = {
			isa = XCBuildConfiguration;
			buildSettings = {
				ALWAYS_EMBED_SWIFT_STANDARD_LIBRARIES = YES;
				CODE_SIGN_STYLE = Automatic;
				INFOPLIST_FILE = "Tests iOS/Info.plist";
				IPHONEOS_DEPLOYMENT_TARGET = 14.4;
				LD_RUNPATH_SEARCH_PATHS = (
					"$(inherited)",
					"@executable_path/Frameworks",
					"@loader_path/Frameworks",
				);
				PRODUCT_BUNDLE_IDENTIFIER = "com.dariit.Tests-iOS";
				PRODUCT_NAME = "$(TARGET_NAME)";
				SDKROOT = iphoneos;
				SWIFT_VERSION = 5.0;
				TARGETED_DEVICE_FAMILY = "1,2";
				TEST_TARGET_NAME = "QuadraticFormula (iOS)";
				VALIDATE_PRODUCT = YES;
			};
			name = Release;
		};
		A67149F725D1B4EA00D68B5A /* Debug */ = {
			isa = XCBuildConfiguration;
			buildSettings = {
				ALWAYS_EMBED_SWIFT_STANDARD_LIBRARIES = YES;
				CODE_SIGN_STYLE = Automatic;
				COMBINE_HIDPI_IMAGES = YES;
				INFOPLIST_FILE = "Tests macOS/Info.plist";
				LD_RUNPATH_SEARCH_PATHS = (
					"$(inherited)",
					"@executable_path/../Frameworks",
					"@loader_path/../Frameworks",
				);
				MACOSX_DEPLOYMENT_TARGET = 11.1;
				PRODUCT_BUNDLE_IDENTIFIER = "com.dariit.Tests-macOS";
				PRODUCT_NAME = "$(TARGET_NAME)";
				SDKROOT = macosx;
				SWIFT_VERSION = 5.0;
				TEST_TARGET_NAME = "QuadraticFormula (macOS)";
			};
			name = Debug;
		};
		A67149F825D1B4EA00D68B5A /* Release */ = {
			isa = XCBuildConfiguration;
			buildSettings = {
				ALWAYS_EMBED_SWIFT_STANDARD_LIBRARIES = YES;
				CODE_SIGN_STYLE = Automatic;
				COMBINE_HIDPI_IMAGES = YES;
				INFOPLIST_FILE = "Tests macOS/Info.plist";
				LD_RUNPATH_SEARCH_PATHS = (
					"$(inherited)",
					"@executable_path/../Frameworks",
					"@loader_path/../Frameworks",
				);
				MACOSX_DEPLOYMENT_TARGET = 11.1;
				PRODUCT_BUNDLE_IDENTIFIER = "com.dariit.Tests-macOS";
				PRODUCT_NAME = "$(TARGET_NAME)";
				SDKROOT = macosx;
				SWIFT_VERSION = 5.0;
				TEST_TARGET_NAME = "QuadraticFormula (macOS)";
			};
			name = Release;
		};
/* End XCBuildConfiguration section */

/* Begin XCConfigurationList section */
		A67149BA25D1B4E800D68B5A /* Build configuration list for PBXProject "QuadraticFormula" */ = {
			isa = XCConfigurationList;
			buildConfigurations = (
				A67149EB25D1B4EA00D68B5A /* Debug */,
				A67149EC25D1B4EA00D68B5A /* Release */,
			);
			defaultConfigurationIsVisible = 0;
			defaultConfigurationName = Release;
		};
		A67149ED25D1B4EA00D68B5A /* Build configuration list for PBXNativeTarget "QuadraticFormula (iOS)" */ = {
			isa = XCConfigurationList;
			buildConfigurations = (
				A67149EE25D1B4EA00D68B5A /* Debug */,
				A67149EF25D1B4EA00D68B5A /* Release */,
			);
			defaultConfigurationIsVisible = 0;
			defaultConfigurationName = Release;
		};
		A67149F025D1B4EA00D68B5A /* Build configuration list for PBXNativeTarget "QuadraticFormula (macOS)" */ = {
			isa = XCConfigurationList;
			buildConfigurations = (
				A67149F125D1B4EA00D68B5A /* Debug */,
				A67149F225D1B4EA00D68B5A /* Release */,
			);
			defaultConfigurationIsVisible = 0;
			defaultConfigurationName = Release;
		};
		A67149F325D1B4EA00D68B5A /* Build configuration list for PBXNativeTarget "Tests iOS" */ = {
			isa = XCConfigurationList;
			buildConfigurations = (
				A67149F425D1B4EA00D68B5A /* Debug */,
				A67149F525D1B4EA00D68B5A /* Release */,
			);
			defaultConfigurationIsVisible = 0;
			defaultConfigurationName = Release;
		};
		A67149F625D1B4EA00D68B5A /* Build configuration list for PBXNativeTarget "Tests macOS" */ = {
			isa = XCConfigurationList;
			buildConfigurations = (
				A67149F725D1B4EA00D68B5A /* Debug */,
				A67149F825D1B4EA00D68B5A /* Release */,
			);
			defaultConfigurationIsVisible = 0;
			defaultConfigurationName = Release;
		};
/* End XCConfigurationList section */
	};
	rootObject = A67149B725D1B4E800D68B5A /* Project object */;
}
